
Microsoft Visual Studio Solution File, Format Version 12.00
# Visual Studio 14
VisualStudioVersion = 14.0.24720.0
MinimumVisualStudioVersion = 10.0.40219.1
Project("{FAE04EC0-301F-11D3-BF4B-00C04F79EFBC}") = "SmartPropertyClient2", "SmartPropertyClient2\SmartPropertyClient2.csproj", "{956A151B-436D-4DE6-8DB2-1A1ADD1284CE}"
EndProject
Global
	GlobalSection(SolutionConfigurationPlatforms) = preSolution
		Debug|Any CPU = Debug|Any CPU
		Release|Any CPU = Release|Any CPU
	EndGlobalSection
	GlobalSection(ProjectConfigurationPlatforms) = postSolution
		{956A151B-436D-4DE6-8DB2-1A1ADD1284CE}.Debug|Any CPU.ActiveCfg = Debug|Any CPU
		{956A151B-436D-4DE6-8DB2-1A1ADD1284CE}.Debug|Any CPU.Build.0 = Debug|Any CPU
		{956A151B-436D-4DE6-8DB2-1A1ADD1284CE}.Release|Any CPU.ActiveCfg = Release|Any CPU
		{956A151B-436D-4DE6-8DB2-1A1ADD1284CE}.Release|Any CPU.Build.0 = Release|Any CPU
	EndGlobalSection
	GlobalSection(SolutionProperties) = preSolution
		HideSolutionNode = FALSE
	EndGlobalSection
EndGlobal
